<?xml version="1.0" encoding="utf-8"?>
<Project ToolsVersion="4.0" xmlns="http://schemas.microsoft.com/developer/msbuild/2003">
  <ItemGroup>
    <Filter Include="Source Files">
      <UniqueIdentifier>{4FC737F1-C7A5-4376-A066-2A32D752A2FF}</UniqueIdentifier>
      <Extensions>cpp;c;cc;cxx;def;odl;idl;hpj;bat;asm;asmx</Extensions>
    </Filter>
    <Filter Include="Header Files">
      <UniqueIdentifier>{93995380-89BD-4b04-88EB-625FBE52EBFB}</UniqueIdentifier>
      <Extensions>h;hh;hpp;hxx;hm;inl;inc;xsd</Extensions>
    </Filter>
    <Filter Include="Resource Files">
      <UniqueIdentifier>{67DA6AB6-F800-4c08-8B7A-83BB121AAD01}</UniqueIdentifier>
      <Extensions>rc;ico;cur;bmp;dlg;rc2;rct;bin;rgs;gif;jpg;jpeg;jpe;resx;tiff;tif;png;wav;mfcribbon-ms</Extensions>
    </Filter>
  </ItemGroup>
  <ItemGroup>
    <None Include="ESP32_Faces.ino" />
  </ItemGroup>
  <ItemGroup>
    <ClInclude Include="__vm\.ESP32_Faces.vsarduino.h">
      <Filter>Header Files</Filter>
    </ClInclude>
    <ClInclude Include="Animations.h">
      <Filter>Header Files</Filter>
    </ClInclude>
    <ClInclude Include="AsyncTimer.h">
      <Filter>Header Files</Filter>
    </ClInclude>
    <ClInclude Include="BlinkAssistant.h">
      <Filter>Header Files</Filter>
    </ClInclude>
    <ClInclude Include="Eye.h">
      <Filter>Header Files</Filter>
    </ClInclude>
    <ClInclude Include="EyeBlink.h">
      <Filter>Header Files</Filter>
    </ClInclude>
    <ClInclude Include="EyeConfig.h">
      <Filter>Header Files</Filter>
    </ClInclude>
    <ClInclude Include="EyeDrawer.h">
      <Filter>Header Files</Filter>
    </ClInclude>
    <ClInclude Include="EyePresets.h">
      <Filter>Header Files</Filter>
    </ClInclude>
    <ClInclude Include="EyeTransformation.h">
      <Filter>Header Files</Filter>
    </ClInclude>
    <ClInclude Include="EyeTransition.h">
      <Filter>Header Files</Filter>
    </ClInclude>
    <ClInclude Include="EyeVariation.h">
      <Filter>Header Files</Filter>
    </ClInclude>
    <ClInclude Include="Face.h">
      <Filter>Header Files</Filter>
    </ClInclude>
    <ClInclude Include="FaceBehavior.h">
      <Filter>Header Files</Filter>
    </ClInclude>
    <ClInclude Include="FaceExpression.h">
      <Filter>Header Files</Filter>
    </ClInclude>
    <ClInclude Include="LookAssistant.h">
      <Filter>Header Files</Filter>
    </ClInclude>
    <ClInclude Include="FaceEmotions.hpp">
      <Filter>Header Files</Filter>
    </ClInclude>
  </ItemGroup>
  <ItemGroup>
    <ClCompile Include="AsyncTimer.cpp">
      <Filter>Source Files</Filter>
    </ClCompile>
    <ClCompile Include="BlinkAssistant.cpp">
      <Filter>Source Files</Filter>
    </ClCompile>
    <ClCompile Include="Eye.cpp">
      <Filter>Source Files</Filter>
    </ClCompile>
    <ClCompile Include="EyeBlink.cpp">
      <Filter>Source Files</Filter>
    </ClCompile>
    <ClCompile Include="EyeTransformation.cpp">
      <Filter>Source Files</Filter>
    </ClCompile>
    <ClCompile Include="EyeTransition.cpp">
      <Filter>Source Files</Filter>
    </ClCompile>
    <ClCompile Include="EyeVariation.cpp">
      <Filter>Source Files</Filter>
    </ClCompile>
    <ClCompile Include="Face.cpp">
      <Filter>Source Files</Filter>
    </ClCompile>
    <ClCompile Include="FaceBehavior.cpp">
      <Filter>Source Files</Filter>
    </ClCompile>
    <ClCompile Include="FaceExpression.cpp">
      <Filter>Source Files</Filter>
    </ClCompile>
    <ClCompile Include="LookAssistant.cpp">
      <Filter>Source Files</Filter>
    </ClCompile>
  </ItemGroup>
</Project>